
Microsoft Visual Studio Solution File, Format Version 12.00
# Visual Studio 15
VisualStudioVersion = 15.0.28307.136
MinimumVisualStudioVersion = 10.0.40219.1
Project("{FAE04EC0-301F-11D3-BF4B-00C04F79EFBC}") = "MarketCheckoutComponent", "MarketCheckoutComponent\MarketCheckoutComponent.csproj", "{A093EEC4-BD89-44F9-AD7B-8018882B75FA}"
EndProject
Project("{FAE04EC0-301F-11D3-BF4B-00C04F79EFBC}") = "MarketCheckoutComponent.Tests", "MarketCheckoutComponent.Tests\MarketCheckoutComponent.Tests.csproj", "{4B798496-9715-476D-8C81-79BBBCFC926D}"
EndProject
Project("{FAE04EC0-301F-11D3-BF4B-00C04F79EFBC}") = "MarketCheckoutComponent.Infrastructure", "MarketCheckoutComponent.Infrastructure\MarketCheckoutComponent.Infrastructure.csproj", "{65D8DFE7-20F4-4E9C-903E-5018C7CE1BF5}"
EndProject
Global
	GlobalSection(SolutionConfigurationPlatforms) = preSolution
		Debug|Any CPU = Debug|Any CPU
		Release|Any CPU = Release|Any CPU
	EndGlobalSection
	GlobalSection(ProjectConfigurationPlatforms) = postSolution
		{A093EEC4-BD89-44F9-AD7B-8018882B75FA}.Debug|Any CPU.ActiveCfg = Debug|Any CPU
		{A093EEC4-BD89-44F9-AD7B-8018882B75FA}.Debug|Any CPU.Build.0 = Debug|Any CPU
		{A093EEC4-BD89-44F9-AD7B-8018882B75FA}.Release|Any CPU.ActiveCfg = Release|Any CPU
		{A093EEC4-BD89-44F9-AD7B-8018882B75FA}.Release|Any CPU.Build.0 = Release|Any CPU
		{4B798496-9715-476D-8C81-79BBBCFC926D}.Debug|Any CPU.ActiveCfg = Debug|Any CPU
		{4B798496-9715-476D-8C81-79BBBCFC926D}.Debug|Any CPU.Build.0 = Debug|Any CPU
		{4B798496-9715-476D-8C81-79BBBCFC926D}.Release|Any CPU.ActiveCfg = Release|Any CPU
		{4B798496-9715-476D-8C81-79BBBCFC926D}.Release|Any CPU.Build.0 = Release|Any CPU
		{65D8DFE7-20F4-4E9C-903E-5018C7CE1BF5}.Debug|Any CPU.ActiveCfg = Debug|Any CPU
		{65D8DFE7-20F4-4E9C-903E-5018C7CE1BF5}.Debug|Any CPU.Build.0 = Debug|Any CPU
		{65D8DFE7-20F4-4E9C-903E-5018C7CE1BF5}.Release|Any CPU.ActiveCfg = Release|Any CPU
		{65D8DFE7-20F4-4E9C-903E-5018C7CE1BF5}.Release|Any CPU.Build.0 = Release|Any CPU
	EndGlobalSection
	GlobalSection(SolutionProperties) = preSolution
		HideSolutionNode = FALSE
	EndGlobalSection
	GlobalSection(ExtensibilityGlobals) = postSolution
		SolutionGuid = {D8C0E033-639E-4EBF-8176-17EE54171490}
	EndGlobalSection
EndGlobal
